
Microsoft Visual Studio Solution File, Format Version 12.00
# Visual Studio 15
VisualStudioVersion = 15.0.27703.2042
MinimumVisualStudioVersion = 10.0.40219.1
Project("{8BC9CEB8-8B4A-11D0-8D11-00A0C91BC942}") = "StegProj_COSC2030", "StegProj_COSC2030\StegProj_COSC2030.vcxproj", "{5BA97213-18BA-40E1-AEEC-D87C0BD48C45}"
EndProject
Global
	GlobalSection(SolutionConfigurationPlatforms) = preSolution
		Debug|x64 = Debug|x64
		Debug|x86 = Debug|x86
		Release|x64 = Release|x64
		Release|x86 = Release|x86
	EndGlobalSection
	GlobalSection(ProjectConfigurationPlatforms) = postSolution
		{5BA97213-18BA-40E1-AEEC-D87C0BD48C45}.Debug|x64.ActiveCfg = Debug|x64
		{5BA97213-18BA-40E1-AEEC-D87C0BD48C45}.Debug|x64.Build.0 = Debug|x64
		{5BA97213-18BA-40E1-AEEC-D87C0BD48C45}.Debug|x86.ActiveCfg = Debug|Win32
		{5BA97213-18BA-40E1-AEEC-D87C0BD48C45}.Debug|x86.Build.0 = Debug|Win32
		{5BA97213-18BA-40E1-AEEC-D87C0BD48C45}.Release|x64.ActiveCfg = Release|x64
		{5BA97213-18BA-40E1-AEEC-D87C0BD48C45}.Release|x64.Build.0 = Release|x64
		{5BA97213-18BA-40E1-AEEC-D87C0BD48C45}.Release|x86.ActiveCfg = Release|Win32
		{5BA97213-18BA-40E1-AEEC-D87C0BD48C45}.Release|x86.Build.0 = Release|Win32
	EndGlobalSection
	GlobalSection(SolutionProperties) = preSolution
		HideSolutionNode = FALSE
	EndGlobalSection
	GlobalSection(ExtensibilityGlobals) = postSolution
		SolutionGuid = {4822D172-E132-40DA-8CD8-977889848DD2}
	EndGlobalSection
EndGlobal
